
Microsoft Visual Studio Solution File, Format Version 12.00
# Visual Studio Version 16
VisualStudioVersion = 16.0.31005.135
MinimumVisualStudioVersion = 10.0.40219.1
Project("{9A19103F-16F7-4668-BE54-9A1E7A4F7556}") = "Game.Client", "Game.Client\Game.Client.csproj", "{625635FD-FECB-42EC-9783-E2175C3660AD}"
EndProject
Project("{9A19103F-16F7-4668-BE54-9A1E7A4F7556}") = "Game.Common", "Game.Common\Game.Common.csproj", "{42A3AED5-9D7F-459E-B628-FE3EEC26047F}"
EndProject
Global
	GlobalSection(SolutionConfigurationPlatforms) = preSolution
		Debug|Any CPU = Debug|Any CPU
		Release|Any CPU = Release|Any CPU
	EndGlobalSection
	GlobalSection(ProjectConfigurationPlatforms) = postSolution
		{625635FD-FECB-42EC-9783-E2175C3660AD}.Debug|Any CPU.ActiveCfg = Debug|Any CPU
		{625635FD-FECB-42EC-9783-E2175C3660AD}.Debug|Any CPU.Build.0 = Debug|Any CPU
		{625635FD-FECB-42EC-9783-E2175C3660AD}.Release|Any CPU.ActiveCfg = Release|Any CPU
		{625635FD-FECB-42EC-9783-E2175C3660AD}.Release|Any CPU.Build.0 = Release|Any CPU
		{42A3AED5-9D7F-459E-B628-FE3EEC26047F}.Debug|Any CPU.ActiveCfg = Debug|Any CPU
		{42A3AED5-9D7F-459E-B628-FE3EEC26047F}.Debug|Any CPU.Build.0 = Debug|Any CPU
		{42A3AED5-9D7F-459E-B628-FE3EEC26047F}.Release|Any CPU.ActiveCfg = Release|Any CPU
		{42A3AED5-9D7F-459E-B628-FE3EEC26047F}.Release|Any CPU.Build.0 = Release|Any CPU
	EndGlobalSection
	GlobalSection(SolutionProperties) = preSolution
		HideSolutionNode = FALSE
	EndGlobalSection
	GlobalSection(ExtensibilityGlobals) = postSolution
		SolutionGuid = {5475ED82-0FEE-4AA0-BA09-00EAF37BB85E}
	EndGlobalSection
EndGlobal
